
Microsoft Visual Studio Solution File, Format Version 12.00
# Visual Studio Version 16
VisualStudioVersion = 16.0.29920.165
MinimumVisualStudioVersion = 10.0.40219.1
Project("{FAE04EC0-301F-11D3-BF4B-00C04F79EFBC}") = "2. Race", "2. Race.csproj", "{DA269847-FB93-4D30-A415-B51F1C044685}"
EndProject
Global
	GlobalSection(SolutionConfigurationPlatforms) = preSolution
		Debug|Any CPU = Debug|Any CPU
		Release|Any CPU = Release|Any CPU
	EndGlobalSection
	GlobalSection(ProjectConfigurationPlatforms) = postSolution
		{DA269847-FB93-4D30-A415-B51F1C044685}.Debug|Any CPU.ActiveCfg = Debug|Any CPU
		{DA269847-FB93-4D30-A415-B51F1C044685}.Debug|Any CPU.Build.0 = Debug|Any CPU
		{DA269847-FB93-4D30-A415-B51F1C044685}.Release|Any CPU.ActiveCfg = Release|Any CPU
		{DA269847-FB93-4D30-A415-B51F1C044685}.Release|Any CPU.Build.0 = Release|Any CPU
	EndGlobalSection
	GlobalSection(SolutionProperties) = preSolution
		HideSolutionNode = FALSE
	EndGlobalSection
	GlobalSection(ExtensibilityGlobals) = postSolution
		SolutionGuid = {53908FA6-39D9-446D-B0FF-201D2A0367B4}
	EndGlobalSection
EndGlobal
