
Microsoft Visual Studio Solution File, Format Version 12.00
# Visual Studio Version 16
VisualStudioVersion = 16.0.29326.143
MinimumVisualStudioVersion = 10.0.40219.1
Project("{FAE04EC0-301F-11D3-BF4B-00C04F79EFBC}") = "2. Common Elements", "2. Common Elements.csproj", "{C81EA1D3-341F-461F-A212-B8419E283BAF}"
EndProject
Global
	GlobalSection(SolutionConfigurationPlatforms) = preSolution
		Debug|Any CPU = Debug|Any CPU
		Release|Any CPU = Release|Any CPU
	EndGlobalSection
	GlobalSection(ProjectConfigurationPlatforms) = postSolution
		{C81EA1D3-341F-461F-A212-B8419E283BAF}.Debug|Any CPU.ActiveCfg = Debug|Any CPU
		{C81EA1D3-341F-461F-A212-B8419E283BAF}.Debug|Any CPU.Build.0 = Debug|Any CPU
		{C81EA1D3-341F-461F-A212-B8419E283BAF}.Release|Any CPU.ActiveCfg = Release|Any CPU
		{C81EA1D3-341F-461F-A212-B8419E283BAF}.Release|Any CPU.Build.0 = Release|Any CPU
	EndGlobalSection
	GlobalSection(SolutionProperties) = preSolution
		HideSolutionNode = FALSE
	EndGlobalSection
	GlobalSection(ExtensibilityGlobals) = postSolution
		SolutionGuid = {ECA26F6C-CEE8-497A-8B1B-AA90AFCE2A1D}
	EndGlobalSection
EndGlobal
