
Microsoft Visual Studio Solution File, Format Version 12.00
# Visual Studio Version 16
VisualStudioVersion = 16.0.29326.143
MinimumVisualStudioVersion = 10.0.40219.1
Project("{FAE04EC0-301F-11D3-BF4B-00C04F79EFBC}") = "1. Smallest of Three Numbers", "1. Smallest of Three Numbers.csproj", "{86820503-1810-45F9-A4C2-231069D8E696}"
EndProject
Global
	GlobalSection(SolutionConfigurationPlatforms) = preSolution
		Debug|Any CPU = Debug|Any CPU
		Release|Any CPU = Release|Any CPU
	EndGlobalSection
	GlobalSection(ProjectConfigurationPlatforms) = postSolution
		{86820503-1810-45F9-A4C2-231069D8E696}.Debug|Any CPU.ActiveCfg = Debug|Any CPU
		{86820503-1810-45F9-A4C2-231069D8E696}.Debug|Any CPU.Build.0 = Debug|Any CPU
		{86820503-1810-45F9-A4C2-231069D8E696}.Release|Any CPU.ActiveCfg = Release|Any CPU
		{86820503-1810-45F9-A4C2-231069D8E696}.Release|Any CPU.Build.0 = Release|Any CPU
	EndGlobalSection
	GlobalSection(SolutionProperties) = preSolution
		HideSolutionNode = FALSE
	EndGlobalSection
	GlobalSection(ExtensibilityGlobals) = postSolution
		SolutionGuid = {BE9C1820-7F19-4401-A7F3-471699E253A2}
	EndGlobalSection
EndGlobal
