
Microsoft Visual Studio Solution File, Format Version 12.00
# Visual Studio Version 16
VisualStudioVersion = 16.0.29911.84
MinimumVisualStudioVersion = 10.0.40219.1
Project("{FAE04EC0-301F-11D3-BF4B-00C04F79EFBC}") = "7.  String Explosion", "7.  String Explosion.csproj", "{0B1728D5-70CF-42A1-990B-7581C97B4C73}"
EndProject
Global
	GlobalSection(SolutionConfigurationPlatforms) = preSolution
		Debug|Any CPU = Debug|Any CPU
		Release|Any CPU = Release|Any CPU
	EndGlobalSection
	GlobalSection(ProjectConfigurationPlatforms) = postSolution
		{0B1728D5-70CF-42A1-990B-7581C97B4C73}.Debug|Any CPU.ActiveCfg = Debug|Any CPU
		{0B1728D5-70CF-42A1-990B-7581C97B4C73}.Debug|Any CPU.Build.0 = Debug|Any CPU
		{0B1728D5-70CF-42A1-990B-7581C97B4C73}.Release|Any CPU.ActiveCfg = Release|Any CPU
		{0B1728D5-70CF-42A1-990B-7581C97B4C73}.Release|Any CPU.Build.0 = Release|Any CPU
	EndGlobalSection
	GlobalSection(SolutionProperties) = preSolution
		HideSolutionNode = FALSE
	EndGlobalSection
	GlobalSection(ExtensibilityGlobals) = postSolution
		SolutionGuid = {CF158905-CB43-4B19-B039-486B4F1E576D}
	EndGlobalSection
EndGlobal
