
Microsoft Visual Studio Solution File, Format Version 12.00
# Visual Studio Version 16
VisualStudioVersion = 16.0.29326.143
MinimumVisualStudioVersion = 10.0.40219.1
Project("{FAE04EC0-301F-11D3-BF4B-00C04F79EFBC}") = "5. Bomb Numbers", "5. Bomb Numbers.csproj", "{B6FCCE7D-2E08-442B-813A-2A37A00B94DF}"
EndProject
Global
	GlobalSection(SolutionConfigurationPlatforms) = preSolution
		Debug|Any CPU = Debug|Any CPU
		Release|Any CPU = Release|Any CPU
	EndGlobalSection
	GlobalSection(ProjectConfigurationPlatforms) = postSolution
		{B6FCCE7D-2E08-442B-813A-2A37A00B94DF}.Debug|Any CPU.ActiveCfg = Debug|Any CPU
		{B6FCCE7D-2E08-442B-813A-2A37A00B94DF}.Debug|Any CPU.Build.0 = Debug|Any CPU
		{B6FCCE7D-2E08-442B-813A-2A37A00B94DF}.Release|Any CPU.ActiveCfg = Release|Any CPU
		{B6FCCE7D-2E08-442B-813A-2A37A00B94DF}.Release|Any CPU.Build.0 = Release|Any CPU
	EndGlobalSection
	GlobalSection(SolutionProperties) = preSolution
		HideSolutionNode = FALSE
	EndGlobalSection
	GlobalSection(ExtensibilityGlobals) = postSolution
		SolutionGuid = {0A5EB624-73C7-466C-A80F-2DA52FF4271F}
	EndGlobalSection
EndGlobal
