
Microsoft Visual Studio Solution File, Format Version 12.00
# Visual Studio Version 16
VisualStudioVersion = 16.0.29911.84
MinimumVisualStudioVersion = 10.0.40219.1
Project("{FAE04EC0-301F-11D3-BF4B-00C04F79EFBC}") = "05. Multiply Big Number", "05. Multiply Big Number.csproj", "{B1AB3A28-73EB-48CA-85A3-D9E375E9E085}"
EndProject
Global
	GlobalSection(SolutionConfigurationPlatforms) = preSolution
		Debug|Any CPU = Debug|Any CPU
		Release|Any CPU = Release|Any CPU
	EndGlobalSection
	GlobalSection(ProjectConfigurationPlatforms) = postSolution
		{B1AB3A28-73EB-48CA-85A3-D9E375E9E085}.Debug|Any CPU.ActiveCfg = Debug|Any CPU
		{B1AB3A28-73EB-48CA-85A3-D9E375E9E085}.Debug|Any CPU.Build.0 = Debug|Any CPU
		{B1AB3A28-73EB-48CA-85A3-D9E375E9E085}.Release|Any CPU.ActiveCfg = Release|Any CPU
		{B1AB3A28-73EB-48CA-85A3-D9E375E9E085}.Release|Any CPU.Build.0 = Release|Any CPU
	EndGlobalSection
	GlobalSection(SolutionProperties) = preSolution
		HideSolutionNode = FALSE
	EndGlobalSection
	GlobalSection(ExtensibilityGlobals) = postSolution
		SolutionGuid = {30927E9C-6D32-478B-96B7-0BA61FAA8998}
	EndGlobalSection
EndGlobal
