
Microsoft Visual Studio Solution File, Format Version 12.00
# Visual Studio Version 16
VisualStudioVersion = 16.0.29326.143
MinimumVisualStudioVersion = 10.0.40219.1
Project("{FAE04EC0-301F-11D3-BF4B-00C04F79EFBC}") = "4. Array Rotation", "4. Array Rotation.csproj", "{46560625-F77B-48E1-BAC3-694E6241351A}"
EndProject
Project("{FAE04EC0-301F-11D3-BF4B-00C04F79EFBC}") = "ConsoleApp1", "..\ConsoleApp1\ConsoleApp1.csproj", "{2CA8AB75-89E8-4F4C-AE75-A1F438EE7A8E}"
EndProject
Global
	GlobalSection(SolutionConfigurationPlatforms) = preSolution
		Debug|Any CPU = Debug|Any CPU
		Release|Any CPU = Release|Any CPU
	EndGlobalSection
	GlobalSection(ProjectConfigurationPlatforms) = postSolution
		{46560625-F77B-48E1-BAC3-694E6241351A}.Debug|Any CPU.ActiveCfg = Debug|Any CPU
		{46560625-F77B-48E1-BAC3-694E6241351A}.Debug|Any CPU.Build.0 = Debug|Any CPU
		{46560625-F77B-48E1-BAC3-694E6241351A}.Release|Any CPU.ActiveCfg = Release|Any CPU
		{46560625-F77B-48E1-BAC3-694E6241351A}.Release|Any CPU.Build.0 = Release|Any CPU
		{2CA8AB75-89E8-4F4C-AE75-A1F438EE7A8E}.Debug|Any CPU.ActiveCfg = Debug|Any CPU
		{2CA8AB75-89E8-4F4C-AE75-A1F438EE7A8E}.Debug|Any CPU.Build.0 = Debug|Any CPU
		{2CA8AB75-89E8-4F4C-AE75-A1F438EE7A8E}.Release|Any CPU.ActiveCfg = Release|Any CPU
		{2CA8AB75-89E8-4F4C-AE75-A1F438EE7A8E}.Release|Any CPU.Build.0 = Release|Any CPU
	EndGlobalSection
	GlobalSection(SolutionProperties) = preSolution
		HideSolutionNode = FALSE
	EndGlobalSection
	GlobalSection(ExtensibilityGlobals) = postSolution
		SolutionGuid = {45ABD779-04B9-4107-8F51-711AB4405382}
	EndGlobalSection
EndGlobal
