
Microsoft Visual Studio Solution File, Format Version 12.00
# Visual Studio Version 16
VisualStudioVersion = 16.0.29326.143
MinimumVisualStudioVersion = 10.0.40219.1
Project("{FAE04EC0-301F-11D3-BF4B-00C04F79EFBC}") = "Data Types and Basic Syntax - Exercise", "Data Types and Basic Syntax - Exercise.csproj", "{9912B066-6A74-4405-A002-3E09B5A2E2D4}"
EndProject
Global
	GlobalSection(SolutionConfigurationPlatforms) = preSolution
		Debug|Any CPU = Debug|Any CPU
		Release|Any CPU = Release|Any CPU
	EndGlobalSection
	GlobalSection(ProjectConfigurationPlatforms) = postSolution
		{9912B066-6A74-4405-A002-3E09B5A2E2D4}.Debug|Any CPU.ActiveCfg = Debug|Any CPU
		{9912B066-6A74-4405-A002-3E09B5A2E2D4}.Debug|Any CPU.Build.0 = Debug|Any CPU
		{9912B066-6A74-4405-A002-3E09B5A2E2D4}.Release|Any CPU.ActiveCfg = Release|Any CPU
		{9912B066-6A74-4405-A002-3E09B5A2E2D4}.Release|Any CPU.Build.0 = Release|Any CPU
	EndGlobalSection
	GlobalSection(SolutionProperties) = preSolution
		HideSolutionNode = FALSE
	EndGlobalSection
	GlobalSection(ExtensibilityGlobals) = postSolution
		SolutionGuid = {478F9DF6-79BC-41B4-9D9C-6E1E510ED882}
	EndGlobalSection
EndGlobal
