
Microsoft Visual Studio Solution File, Format Version 12.00
# Visual Studio Version 16
VisualStudioVersion = 16.0.29326.143
MinimumVisualStudioVersion = 10.0.40219.1
Project("{FAE04EC0-301F-11D3-BF4B-00C04F79EFBC}") = "03.Characters in Range", "03.Characters in Range.csproj", "{2DD2ABA1-587F-410D-9B5B-9E9DC32C4FE1}"
EndProject
Global
	GlobalSection(SolutionConfigurationPlatforms) = preSolution
		Debug|Any CPU = Debug|Any CPU
		Release|Any CPU = Release|Any CPU
	EndGlobalSection
	GlobalSection(ProjectConfigurationPlatforms) = postSolution
		{2DD2ABA1-587F-410D-9B5B-9E9DC32C4FE1}.Debug|Any CPU.ActiveCfg = Debug|Any CPU
		{2DD2ABA1-587F-410D-9B5B-9E9DC32C4FE1}.Debug|Any CPU.Build.0 = Debug|Any CPU
		{2DD2ABA1-587F-410D-9B5B-9E9DC32C4FE1}.Release|Any CPU.ActiveCfg = Release|Any CPU
		{2DD2ABA1-587F-410D-9B5B-9E9DC32C4FE1}.Release|Any CPU.Build.0 = Release|Any CPU
	EndGlobalSection
	GlobalSection(SolutionProperties) = preSolution
		HideSolutionNode = FALSE
	EndGlobalSection
	GlobalSection(ExtensibilityGlobals) = postSolution
		SolutionGuid = {5D33C110-401D-4955-8616-A7713DE61B32}
	EndGlobalSection
EndGlobal
