
Microsoft Visual Studio Solution File, Format Version 12.00
# Visual Studio Version 16
VisualStudioVersion = 16.0.29326.143
MinimumVisualStudioVersion = 10.0.40219.1
Project("{FAE04EC0-301F-11D3-BF4B-00C04F79EFBC}") = "06. Middle Characters", "06. Middle Characters.csproj", "{EC3E5317-6BB8-40F9-88CF-EE7FBE442E9F}"
EndProject
Global
	GlobalSection(SolutionConfigurationPlatforms) = preSolution
		Debug|Any CPU = Debug|Any CPU
		Release|Any CPU = Release|Any CPU
	EndGlobalSection
	GlobalSection(ProjectConfigurationPlatforms) = postSolution
		{EC3E5317-6BB8-40F9-88CF-EE7FBE442E9F}.Debug|Any CPU.ActiveCfg = Debug|Any CPU
		{EC3E5317-6BB8-40F9-88CF-EE7FBE442E9F}.Debug|Any CPU.Build.0 = Debug|Any CPU
		{EC3E5317-6BB8-40F9-88CF-EE7FBE442E9F}.Release|Any CPU.ActiveCfg = Release|Any CPU
		{EC3E5317-6BB8-40F9-88CF-EE7FBE442E9F}.Release|Any CPU.Build.0 = Release|Any CPU
	EndGlobalSection
	GlobalSection(SolutionProperties) = preSolution
		HideSolutionNode = FALSE
	EndGlobalSection
	GlobalSection(ExtensibilityGlobals) = postSolution
		SolutionGuid = {A0010984-FA7E-46DD-9E8D-45DC8840EE14}
	EndGlobalSection
EndGlobal
