
Microsoft Visual Studio Solution File, Format Version 12.00
# Visual Studio Version 16
VisualStudioVersion = 16.0.29326.143
MinimumVisualStudioVersion = 10.0.40219.1
Project("{FAE04EC0-301F-11D3-BF4B-00C04F79EFBC}") = "3. Vacation", "3. Vacation.csproj", "{D6ECDE36-42AB-4532-9A1C-75873FC96DC8}"
EndProject
Global
	GlobalSection(SolutionConfigurationPlatforms) = preSolution
		Debug|Any CPU = Debug|Any CPU
		Release|Any CPU = Release|Any CPU
	EndGlobalSection
	GlobalSection(ProjectConfigurationPlatforms) = postSolution
		{D6ECDE36-42AB-4532-9A1C-75873FC96DC8}.Debug|Any CPU.ActiveCfg = Debug|Any CPU
		{D6ECDE36-42AB-4532-9A1C-75873FC96DC8}.Debug|Any CPU.Build.0 = Debug|Any CPU
		{D6ECDE36-42AB-4532-9A1C-75873FC96DC8}.Release|Any CPU.ActiveCfg = Release|Any CPU
		{D6ECDE36-42AB-4532-9A1C-75873FC96DC8}.Release|Any CPU.Build.0 = Release|Any CPU
	EndGlobalSection
	GlobalSection(SolutionProperties) = preSolution
		HideSolutionNode = FALSE
	EndGlobalSection
	GlobalSection(ExtensibilityGlobals) = postSolution
		SolutionGuid = {EFC2AAD3-6513-40AC-90D5-FC62EF8E88BF}
	EndGlobalSection
EndGlobal
