
Microsoft Visual Studio Solution File, Format Version 12.00
# Visual Studio Version 16
VisualStudioVersion = 16.0.29911.84
MinimumVisualStudioVersion = 10.0.40219.1
Project("{FAE04EC0-301F-11D3-BF4B-00C04F79EFBC}") = "3.  Extract File", "3.  Extract File.csproj", "{0DB8E5FA-E4DA-4844-A5C2-9BF5B8CC5EED}"
EndProject
Global
	GlobalSection(SolutionConfigurationPlatforms) = preSolution
		Debug|Any CPU = Debug|Any CPU
		Release|Any CPU = Release|Any CPU
	EndGlobalSection
	GlobalSection(ProjectConfigurationPlatforms) = postSolution
		{0DB8E5FA-E4DA-4844-A5C2-9BF5B8CC5EED}.Debug|Any CPU.ActiveCfg = Debug|Any CPU
		{0DB8E5FA-E4DA-4844-A5C2-9BF5B8CC5EED}.Debug|Any CPU.Build.0 = Debug|Any CPU
		{0DB8E5FA-E4DA-4844-A5C2-9BF5B8CC5EED}.Release|Any CPU.ActiveCfg = Release|Any CPU
		{0DB8E5FA-E4DA-4844-A5C2-9BF5B8CC5EED}.Release|Any CPU.Build.0 = Release|Any CPU
	EndGlobalSection
	GlobalSection(SolutionProperties) = preSolution
		HideSolutionNode = FALSE
	EndGlobalSection
	GlobalSection(ExtensibilityGlobals) = postSolution
		SolutionGuid = {C90F78C3-06F2-4ACC-B22C-1696BE8FB707}
	EndGlobalSection
EndGlobal
