
Microsoft Visual Studio Solution File, Format Version 12.00
# Visual Studio Version 16
VisualStudioVersion = 16.0.29326.143
MinimumVisualStudioVersion = 10.0.40219.1
Project("{FAE04EC0-301F-11D3-BF4B-00C04F79EFBC}") = "05. Add and Subtract", "05. Add and Subtract.csproj", "{7A9750C1-E353-4205-958E-E1F50F7D478F}"
EndProject
Global
	GlobalSection(SolutionConfigurationPlatforms) = preSolution
		Debug|Any CPU = Debug|Any CPU
		Release|Any CPU = Release|Any CPU
	EndGlobalSection
	GlobalSection(ProjectConfigurationPlatforms) = postSolution
		{7A9750C1-E353-4205-958E-E1F50F7D478F}.Debug|Any CPU.ActiveCfg = Debug|Any CPU
		{7A9750C1-E353-4205-958E-E1F50F7D478F}.Debug|Any CPU.Build.0 = Debug|Any CPU
		{7A9750C1-E353-4205-958E-E1F50F7D478F}.Release|Any CPU.ActiveCfg = Release|Any CPU
		{7A9750C1-E353-4205-958E-E1F50F7D478F}.Release|Any CPU.Build.0 = Release|Any CPU
	EndGlobalSection
	GlobalSection(SolutionProperties) = preSolution
		HideSolutionNode = FALSE
	EndGlobalSection
	GlobalSection(ExtensibilityGlobals) = postSolution
		SolutionGuid = {9D07FE84-D62F-481A-A3CB-535EA9BFFA9E}
	EndGlobalSection
EndGlobal
