
Microsoft Visual Studio Solution File, Format Version 12.00
# Visual Studio Version 16
VisualStudioVersion = 16.0.29326.143
MinimumVisualStudioVersion = 10.0.40219.1
Project("{FAE04EC0-301F-11D3-BF4B-00C04F79EFBC}") = "1. Train", "1. Train.csproj", "{1E61D24A-E250-448D-8366-AE9578C4FFB7}"
EndProject
Global
	GlobalSection(SolutionConfigurationPlatforms) = preSolution
		Debug|Any CPU = Debug|Any CPU
		Release|Any CPU = Release|Any CPU
	EndGlobalSection
	GlobalSection(ProjectConfigurationPlatforms) = postSolution
		{1E61D24A-E250-448D-8366-AE9578C4FFB7}.Debug|Any CPU.ActiveCfg = Debug|Any CPU
		{1E61D24A-E250-448D-8366-AE9578C4FFB7}.Debug|Any CPU.Build.0 = Debug|Any CPU
		{1E61D24A-E250-448D-8366-AE9578C4FFB7}.Release|Any CPU.ActiveCfg = Release|Any CPU
		{1E61D24A-E250-448D-8366-AE9578C4FFB7}.Release|Any CPU.Build.0 = Release|Any CPU
	EndGlobalSection
	GlobalSection(SolutionProperties) = preSolution
		HideSolutionNode = FALSE
	EndGlobalSection
	GlobalSection(ExtensibilityGlobals) = postSolution
		SolutionGuid = {6C702693-3001-45F3-9E2A-24D7EA31B76A}
	EndGlobalSection
EndGlobal
