
Microsoft Visual Studio Solution File, Format Version 12.00
# Visual Studio Version 16
VisualStudioVersion = 16.0.29911.84
MinimumVisualStudioVersion = 10.0.40219.1
Project("{FAE04EC0-301F-11D3-BF4B-00C04F79EFBC}") = "1.  Valid Usernames", "1.  Valid Usernames.csproj", "{DCA9BCF6-4734-420C-9A03-A421978E5CEF}"
EndProject
Global
	GlobalSection(SolutionConfigurationPlatforms) = preSolution
		Debug|Any CPU = Debug|Any CPU
		Release|Any CPU = Release|Any CPU
	EndGlobalSection
	GlobalSection(ProjectConfigurationPlatforms) = postSolution
		{DCA9BCF6-4734-420C-9A03-A421978E5CEF}.Debug|Any CPU.ActiveCfg = Debug|Any CPU
		{DCA9BCF6-4734-420C-9A03-A421978E5CEF}.Debug|Any CPU.Build.0 = Debug|Any CPU
		{DCA9BCF6-4734-420C-9A03-A421978E5CEF}.Release|Any CPU.ActiveCfg = Release|Any CPU
		{DCA9BCF6-4734-420C-9A03-A421978E5CEF}.Release|Any CPU.Build.0 = Release|Any CPU
	EndGlobalSection
	GlobalSection(SolutionProperties) = preSolution
		HideSolutionNode = FALSE
	EndGlobalSection
	GlobalSection(ExtensibilityGlobals) = postSolution
		SolutionGuid = {F15186E4-1892-4D25-B460-651BE4027BD4}
	EndGlobalSection
EndGlobal
