
Microsoft Visual Studio Solution File, Format Version 12.00
# Visual Studio Version 16
VisualStudioVersion = 16.0.29326.143
MinimumVisualStudioVersion = 10.0.40219.1
Project("{FAE04EC0-301F-11D3-BF4B-00C04F79EFBC}") = "3. Articles 2.0", "3. Articles 2.0.csproj", "{011175BB-4E04-4EDD-9789-1117744922EB}"
EndProject
Global
	GlobalSection(SolutionConfigurationPlatforms) = preSolution
		Debug|Any CPU = Debug|Any CPU
		Release|Any CPU = Release|Any CPU
	EndGlobalSection
	GlobalSection(ProjectConfigurationPlatforms) = postSolution
		{011175BB-4E04-4EDD-9789-1117744922EB}.Debug|Any CPU.ActiveCfg = Debug|Any CPU
		{011175BB-4E04-4EDD-9789-1117744922EB}.Debug|Any CPU.Build.0 = Debug|Any CPU
		{011175BB-4E04-4EDD-9789-1117744922EB}.Release|Any CPU.ActiveCfg = Release|Any CPU
		{011175BB-4E04-4EDD-9789-1117744922EB}.Release|Any CPU.Build.0 = Release|Any CPU
	EndGlobalSection
	GlobalSection(SolutionProperties) = preSolution
		HideSolutionNode = FALSE
	EndGlobalSection
	GlobalSection(ExtensibilityGlobals) = postSolution
		SolutionGuid = {B735D844-0B57-49BC-A6F5-4C3080224461}
	EndGlobalSection
EndGlobal
